
Microsoft Visual Studio Solution File, Format Version 12.00
# Visual Studio Version 16
VisualStudioVersion = 16.0.30309.148
MinimumVisualStudioVersion = 10.0.40219.1
Project("{FAE04EC0-301F-11D3-BF4B-00C04F79EFBC}") = "Convert3dm", "Convert3dm\Convert3dm.csproj", "{A184F9B0-870E-4BDD-A6DF-9D4FE367DF60}"
EndProject
Global
	GlobalSection(SolutionConfigurationPlatforms) = preSolution
		Debug|Any CPU = Debug|Any CPU
		Release|Any CPU = Release|Any CPU
	EndGlobalSection
	GlobalSection(ProjectConfigurationPlatforms) = postSolution
		{A184F9B0-870E-4BDD-A6DF-9D4FE367DF60}.Debug|Any CPU.ActiveCfg = Debug|Any CPU
		{A184F9B0-870E-4BDD-A6DF-9D4FE367DF60}.Debug|Any CPU.Build.0 = Debug|Any CPU
		{A184F9B0-870E-4BDD-A6DF-9D4FE367DF60}.Release|Any CPU.ActiveCfg = Release|Any CPU
		{A184F9B0-870E-4BDD-A6DF-9D4FE367DF60}.Release|Any CPU.Build.0 = Release|Any CPU
	EndGlobalSection
	GlobalSection(SolutionProperties) = preSolution
		HideSolutionNode = FALSE
	EndGlobalSection
	GlobalSection(ExtensibilityGlobals) = postSolution
		SolutionGuid = {4355A78E-9BC4-4266-867F-4A098E7A36D5}
	EndGlobalSection
EndGlobal
